
Microsoft Visual Studio Solution File, Format Version 12.00
Project("{FAE04EC0-301F-11D3-BF4B-00C04F79EFBC}") = "Package.Domain", "Package.Domain\Package.Domain.csproj", "{BE38D746-197D-48E5-8451-0E46C03980B5}"
EndProject
Project("{FAE04EC0-301F-11D3-BF4B-00C04F79EFBC}") = "Package.Tests", "Package.Tests\Package.Tests.csproj", "{36E389DE-EFE2-4D16-9479-962D9158CAF5}"
EndProject
Global
	GlobalSection(SolutionConfigurationPlatforms) = preSolution
		Debug|Any CPU = Debug|Any CPU
		Release|Any CPU = Release|Any CPU
	EndGlobalSection
	GlobalSection(ProjectConfigurationPlatforms) = postSolution
		{BE38D746-197D-48E5-8451-0E46C03980B5}.Debug|Any CPU.ActiveCfg = Debug|Any CPU
		{BE38D746-197D-48E5-8451-0E46C03980B5}.Debug|Any CPU.Build.0 = Debug|Any CPU
		{BE38D746-197D-48E5-8451-0E46C03980B5}.Release|Any CPU.ActiveCfg = Release|Any CPU
		{BE38D746-197D-48E5-8451-0E46C03980B5}.Release|Any CPU.Build.0 = Release|Any CPU
		{36E389DE-EFE2-4D16-9479-962D9158CAF5}.Debug|Any CPU.ActiveCfg = Debug|Any CPU
		{36E389DE-EFE2-4D16-9479-962D9158CAF5}.Debug|Any CPU.Build.0 = Debug|Any CPU
		{36E389DE-EFE2-4D16-9479-962D9158CAF5}.Release|Any CPU.ActiveCfg = Release|Any CPU
		{36E389DE-EFE2-4D16-9479-962D9158CAF5}.Release|Any CPU.Build.0 = Release|Any CPU
	EndGlobalSection
EndGlobal
